<?xml version="1.0" encoding="utf-8"?>
<Project ToolsVersion="4.0" xmlns="http://schemas.microsoft.com/developer/msbuild/2003">
  <ItemGroup>
    <Filter Include="code">
      <UniqueIdentifier>{4FC737F1-C7A5-4376-A066-2A32D752A2FF}</UniqueIdentifier>
      <Extensions>cpp;c;cc;cxx;def;odl;idl;hpj;bat;asm;asmx</Extensions>
    </Filter>
    <Filter Include="code\GameComponents">
      <UniqueIdentifier>{967af349-c337-4bd5-be38-5a32d897cbe5}</UniqueIdentifier>
    </Filter>
    <Filter Include="code\GameComponents\Input">
      <UniqueIdentifier>{78e5186d-0d5b-4ec6-a5b2-1c981e699f98}</UniqueIdentifier>
    </Filter>
    <Filter Include="code\GameComponents\Visualization">
      <UniqueIdentifier>{5a651499-1ba0-4590-bcf7-b541fc4bec74}</UniqueIdentifier>
    </Filter>
    <Filter Include="code\GameComponents\Logic">
      <UniqueIdentifier>{a04f107c-8eef-48d7-bd87-048789920596}</UniqueIdentifier>
    </Filter>
    <Filter Include="code\Agents">
      <UniqueIdentifier>{a89aef1f-2304-4969-8bd3-e732d68ae2b1}</UniqueIdentifier>
    </Filter>
    <Filter Include="code\GameComponents\Logic\Field">
      <UniqueIdentifier>{4fba3c7b-5a8f-46d7-85ab-6ef0d05e2cb7}</UniqueIdentifier>
    </Filter>
    <Filter Include="code\GameComponents\Logic\Player">
      <UniqueIdentifier>{d39cdd5e-5a63-488f-8986-054cea6bd44c}</UniqueIdentifier>
    </Filter>
    <Filter Include="code\Utils">
      <UniqueIdentifier>{7946c10c-e322-4071-9d6c-105ece299aab}</UniqueIdentifier>
    </Filter>
    <Filter Include="code\Utils\DataStructures">
      <UniqueIdentifier>{38d778bb-d9a1-4e3c-a2ca-8f5edfb81528}</UniqueIdentifier>
    </Filter>
    <Filter Include="code\GameComponents\Visualization\Field">
      <UniqueIdentifier>{67cbdf46-9b8d-42da-b4e5-f29e18c4b29a}</UniqueIdentifier>
    </Filter>
    <Filter Include="code\GameComponents\UI">
      <UniqueIdentifier>{eccb3607-8574-4b8e-938b-9f89d05d73c7}</UniqueIdentifier>
    </Filter>
    <Filter Include="code\GameComponents\UI\Elements">
      <UniqueIdentifier>{fb4a9727-df48-441e-8269-dc04c7bad4d5}</UniqueIdentifier>
    </Filter>
  </ItemGroup>
  <ItemGroup>
    <ClCompile Include="RandomAgent.cpp">
      <Filter>code\Agents</Filter>
    </ClCompile>
    <ClCompile Include="InputController.cpp">
      <Filter>code\GameComponents\Input</Filter>
    </ClCompile>
    <ClCompile Include="FieldLogic.cpp">
      <Filter>code\GameComponents\Logic\Field</Filter>
    </ClCompile>
    <ClCompile Include="GameLogic.cpp">
      <Filter>code\GameComponents\Logic</Filter>
    </ClCompile>
    <ClCompile Include="AgentLogic.cpp">
      <Filter>code\GameComponents\Logic\Player</Filter>
    </ClCompile>
    <ClCompile Include="Visualization.cpp">
      <Filter>code\GameComponents\Visualization</Filter>
    </ClCompile>
    <ClCompile Include="FieldVisualization.cpp">
      <Filter>code\GameComponents\Visualization\Field</Filter>
    </ClCompile>
    <ClCompile Include="LinkedList.cpp">
      <Filter>code\Utils\DataStructures</Filter>
    </ClCompile>
    <ClCompile Include="stack.cpp">
      <Filter>code\Utils\DataStructures</Filter>
    </ClCompile>
    <ClCompile Include="main.cpp">
      <Filter>code</Filter>
    </ClCompile>
    <ClCompile Include="UI.cpp">
      <Filter>code\GameComponents\UI</Filter>
    </ClCompile>
    <ClCompile Include="Arrows.cpp">
      <Filter>code</Filter>
    </ClCompile>
  </ItemGroup>
  <ItemGroup>
    <ClInclude Include="Debug.cpp">
      <Filter>code\Utils</Filter>
    </ClInclude>
    <ClInclude Include="Player.h">
      <Filter>code\Agents</Filter>
    </ClInclude>
    <ClInclude Include="RandomAgent.h">
      <Filter>code\Agents</Filter>
    </ClInclude>
    <ClInclude Include="InputController.h">
      <Filter>code\GameComponents\Input</Filter>
    </ClInclude>
    <ClInclude Include="FieldLogic.h">
      <Filter>code\GameComponents\Logic\Field</Filter>
    </ClInclude>
    <ClInclude Include="MapNode.h">
      <Filter>code\GameComponents\Logic\Field</Filter>
    </ClInclude>
    <ClInclude Include="GameLogic.h">
      <Filter>code\GameComponents\Logic</Filter>
    </ClInclude>
    <ClInclude Include="AgentLogic.h">
      <Filter>code\GameComponents\Logic\Player</Filter>
    </ClInclude>
    <ClInclude Include="Move.h">
      <Filter>code\GameComponents\Logic\Player</Filter>
    </ClInclude>
    <ClInclude Include="Visualization.h">
      <Filter>code\GameComponents\Visualization</Filter>
    </ClInclude>
    <ClInclude Include="FieldVisualization.h">
      <Filter>code\GameComponents\Visualization\Field</Filter>
    </ClInclude>
    <ClInclude Include="LinkedList.h">
      <Filter>code\Utils\DataStructures</Filter>
    </ClInclude>
    <ClInclude Include="stack.h">
      <Filter>code\Utils\DataStructures</Filter>
    </ClInclude>
    <ClInclude Include="UI.h">
      <Filter>code\GameComponents\UI</Filter>
    </ClInclude>
    <ClInclude Include="Button.h">
      <Filter>code\GameComponents\UI\Elements</Filter>
    </ClInclude>
    <ClInclude Include="Arrow.h">
      <Filter>code</Filter>
    </ClInclude>
    <ClInclude Include="Arrows.h">
      <Filter>code\GameComponents\UI\Elements</Filter>
    </ClInclude>
  </ItemGroup>
</Project>